
Microsoft Visual Studio Solution File, Format Version 12.00
# Visual Studio Version 16
VisualStudioVersion = 16.0.31112.23
MinimumVisualStudioVersion = 10.0.40219.1
Project("{8BC9CEB8-8B4A-11D0-8D11-00A0C91BC942}") = "SK-Lib-fenv-fesetround-Bagian3__CPP", "SK-Lib-fenv-fesetround-Bagian3__CPP\SK-Lib-fenv-fesetround-Bagian3__CPP.vcxproj", "{3848494D-D2C8-4F72-9989-A25A3D1A85D5}"
EndProject
Global
	GlobalSection(SolutionConfigurationPlatforms) = preSolution
		Debug|x64 = Debug|x64
		Debug|x86 = Debug|x86
		Release|x64 = Release|x64
		Release|x86 = Release|x86
	EndGlobalSection
	GlobalSection(ProjectConfigurationPlatforms) = postSolution
		{3848494D-D2C8-4F72-9989-A25A3D1A85D5}.Debug|x64.ActiveCfg = Debug|x64
		{3848494D-D2C8-4F72-9989-A25A3D1A85D5}.Debug|x64.Build.0 = Debug|x64
		{3848494D-D2C8-4F72-9989-A25A3D1A85D5}.Debug|x86.ActiveCfg = Debug|Win32
		{3848494D-D2C8-4F72-9989-A25A3D1A85D5}.Debug|x86.Build.0 = Debug|Win32
		{3848494D-D2C8-4F72-9989-A25A3D1A85D5}.Release|x64.ActiveCfg = Release|x64
		{3848494D-D2C8-4F72-9989-A25A3D1A85D5}.Release|x64.Build.0 = Release|x64
		{3848494D-D2C8-4F72-9989-A25A3D1A85D5}.Release|x86.ActiveCfg = Release|Win32
		{3848494D-D2C8-4F72-9989-A25A3D1A85D5}.Release|x86.Build.0 = Release|Win32
	EndGlobalSection
	GlobalSection(SolutionProperties) = preSolution
		HideSolutionNode = FALSE
	EndGlobalSection
	GlobalSection(ExtensibilityGlobals) = postSolution
		SolutionGuid = {705A0B5A-0FBD-402C-8C8E-3F7DAC2BBB59}
	EndGlobalSection
EndGlobal
